// !$*UTF8*$!
{
	archiveVersion = 1;
	classes = {
	};
	objectVersion = 46;
	objects = {

/* Begin PBXBuildFile section */
		E931B1341CFEB4C2003FDF99 /* main.m in Sources */ = {isa = PBXBuildFile; fileRef = E931B1331CFEB4C2003FDF99 /* main.m */; };
		E931B1371CFEB4C2003FDF99 /* AppDelegate.m in Sources */ = {isa = PBXBuildFile; fileRef = E931B1361CFEB4C2003FDF99 /* AppDelegate.m */; };
		E931B13A1CFEB4C2003FDF99 /* ViewController.m in Sources */ = {isa = PBXBuildFile; fileRef = E931B1391CFEB4C2003FDF99 /* ViewController.m */; };
		E931B13D1CFEB4C2003FDF99 /* Main.storyboard in Resources */ = {isa = PBXBuildFile; fileRef = E931B13B1CFEB4C2003FDF99 /* Main.storyboard */; };
		E931B13F1CFEB4C2003FDF99 /* Assets.xcassets in Resources */ = {isa = PBXBuildFile; fileRef = E931B13E1CFEB4C2003FDF99 /* Assets.xcassets */; };
		E931B1421CFEB4C2003FDF99 /* LaunchScreen.storyboard in Resources */ = {isa = PBXBuildFile; fileRef = E931B1401CFEB4C2003FDF99 /* LaunchScreen.storyboard */; };
		E931B14D1CFEB4C2003FDF99 /* fwfTests.m in Sources */ = {isa = PBXBuildFile; fileRef = E931B14C1CFEB4C2003FDF99 /* fwfTests.m */; };
		E931B1581CFEB4C2003FDF99 /* fwfUITests.m in Sources */ = {isa = PBXBuildFile; fileRef = E931B1571CFEB4C2003FDF99 /* fwfUITests.m */; };
/* End PBXBuildFile section */

/* Begin PBXContainerItemProxy section */
		E931B1491CFEB4C2003FDF99 /* PBXContainerItemProxy */ = {
			isa = PBXContainerItemProxy;
			containerPortal = E931B1271CFEB4C2003FDF99 /* Project object */;
			proxyType = 1;
			remoteGlobalIDString = E931B12E1CFEB4C2003FDF99;
			remoteInfo = fwf;
		};
		E931B1541CFEB4C2003FDF99 /* PBXContainerItemProxy */ = {
			isa = PBXContainerItemProxy;
			containerPortal = E931B1271CFEB4C2003FDF99 /* Project object */;
			proxyType = 1;
			remoteGlobalIDString = E931B12E1CFEB4C2003FDF99;
			remoteInfo = fwf;
		};
/* End PBXContainerItemProxy section */

/* Begin PBXFileReference section */
		E931B12F1CFEB4C2003FDF99 /* fwf.app */ = {isa = PBXFileReference; explicitFileType = wrapper.application; includeInIndex = 0; path = fwf.app; sourceTree = BUILT_PRODUCTS_DIR; };
		E931B1331CFEB4C2003FDF99 /* main.m */ = {isa = PBXFileReference; lastKnownFileType = sourcecode.c.objc; path = main.m; sourceTree = "<group>"; };
		E931B1351CFEB4C2003FDF99 /* AppDelegate.h */ = {isa = PBXFileReference; lastKnownFileType = sourcecode.c.h; path = AppDelegate.h; sourceTree = "<group>"; };
		E931B1361CFEB4C2003FDF99 /* AppDelegate.m */ = {isa = PBXFileReference; lastKnownFileType = sourcecode.c.objc; path = AppDelegate.m; sourceTree = "<group>"; };
		E931B1381CFEB4C2003FDF99 /* ViewController.h */ = {isa = PBXFileReference; lastKnownFileType = sourcecode.c.h; path = ViewController.h; sourceTree = "<group>"; };
		E931B1391CFEB4C2003FDF99 /* ViewController.m */ = {isa = PBXFileReference; lastKnownFileType = sourcecode.c.objc; path = ViewController.m; sourceTree = "<group>"; };
		E931B13C1CFEB4C2003FDF99 /* Base */ = {isa = PBXFileReference; lastKnownFileType = file.storyboard; name = Base; path = Base.lproj/Main.storyboard; sourceTree = "<group>"; };
		E931B13E1CFEB4C2003FDF99 /* Assets.xcassets */ = {isa = PBXFileReference; lastKnownFileType = folder.assetcatalog; path = Assets.xcassets; sourceTree = "<group>"; };
		E931B1411CFEB4C2003FDF99 /* Base */ = {isa = PBXFileReference; lastKnownFileType = file.storyboard; name = Base; path = Base.lproj/LaunchScreen.storyboard; sourceTree = "<group>"; };
		E931B1431CFEB4C2003FDF99 /* Info.plist */ = {isa = PBXFileReference; lastKnownFileType = text.plist.xml; path = Info.plist; sourceTree = "<group>"; };
		E931B1481CFEB4C2003FDF99 /* fwfTests.xctest */ = {isa = PBXFileReference; explicitFileType = wrapper.cfbundle; includeInIndex = 0; path = fwfTests.xctest; sourceTree = BUILT_PRODUCTS_DIR; };
		E931B14C1CFEB4C2003FDF99 /* fwfTests.m */ = {isa = PBXFileReference; lastKnownFileType = sourcecode.c.objc; path = fwfTests.m; sourceTree = "<group>"; };
		E931B14E1CFEB4C2003FDF99 /* Info.plist */ = {isa = PBXFileReference; lastKnownFileType = text.plist.xml; path = Info.plist; sourceTree = "<group>"; };
		E931B1531CFEB4C2003FDF99 /* fwfUITests.xctest */ = {isa = PBXFileReference; explicitFileType = wrapper.cfbundle; includeInIndex = 0; path = fwfUITests.xctest; sourceTree = BUILT_PRODUCTS_DIR; };
		E931B1571CFEB4C2003FDF99 /* fwfUITests.m */ = {isa = PBXFileReference; lastKnownFileType = sourcecode.c.objc; path = fwfUITests.m; sourceTree = "<group>"; };
		E931B1591CFEB4C2003FDF99 /* Info.plist */ = {isa = PBXFileReference; lastKnownFileType = text.plist.xml; path = Info.plist; sourceTree = "<group>"; };
/* End PBXFileReference section */

/* Begin PBXFrameworksBuildPhase section */
		E931B12C1CFEB4C2003FDF99 /* Frameworks */ = {
			isa = PBXFrameworksBuildPhase;
			buildActionMask = 2147483647;
			files = (
			);
			runOnlyForDeploymentPostprocessing = 0;
		};
		E931B1451CFEB4C2003FDF99 /* Frameworks */ = {
			isa = PBXFrameworksBuildPhase;
			buildActionMask = 2147483647;
			files = (
			);
			runOnlyForDeploymentPostprocessing = 0;
		};
		E931B1501CFEB4C2003FDF99 /* Frameworks */ = {
			isa = PBXFrameworksBuildPhase;
			buildActionMask = 2147483647;
			files = (
			);
			runOnlyForDeploymentPostprocessing = 0;
		};
/* End PBXFrameworksBuildPhase section */

/* Begin PBXGroup section */
		E931B1261CFEB4C2003FDF99 = {
			isa = PBXGroup;
			children = (
				E931B1311CFEB4C2003FDF99 /* fwf */,
				E931B14B1CFEB4C2003FDF99 /* fwfTests */,
				E931B1561CFEB4C2003FDF99 /* fwfUITests */,
				E931B1301CFEB4C2003FDF99 /* Products */,
			);
			sourceTree = "<group>";
		};
		E931B1301CFEB4C2003FDF99 /* Products */ = {
			isa = PBXGroup;
			children = (
				E931B12F1CFEB4C2003FDF99 /* fwf.app */,
				E931B1481CFEB4C2003FDF99 /* fwfTests.xctest */,
				E931B1531CFEB4C2003FDF99 /* fwfUITests.xctest */,
			);
			name = Products;
			sourceTree = "<group>";
		};
		E931B1311CFEB4C2003FDF99 /* fwf */ = {
			isa = PBXGroup;
			children = (
				E931B1351CFEB4C2003FDF99 /* AppDelegate.h */,
				E931B1361CFEB4C2003FDF99 /* AppDelegate.m */,
				E931B1381CFEB4C2003FDF99 /* ViewController.h */,
				E931B1391CFEB4C2003FDF99 /* ViewController.m */,
				E931B13B1CFEB4C2003FDF99 /* Main.storyboard */,
				E931B13E1CFEB4C2003FDF99 /* Assets.xcassets */,
				E931B1401CFEB4C2003FDF99 /* LaunchScreen.storyboard */,
				E931B1431CFEB4C2003FDF99 /* Info.plist */,
				E931B1321CFEB4C2003FDF99 /* Supporting Files */,
			);
			path = fwf;
			sourceTree = "<group>";
		};
		E931B1321CFEB4C2003FDF99 /* Supporting Files */ = {
			isa = PBXGroup;
			children = (
				E931B1331CFEB4C2003FDF99 /* main.m */,
			);
			name = "Supporting Files";
			sourceTree = "<group>";
		};
		E931B14B1CFEB4C2003FDF99 /* fwfTests */ = {
			isa = PBXGroup;
			children = (
				E931B14C1CFEB4C2003FDF99 /* fwfTests.m */,
				E931B14E1CFEB4C2003FDF99 /* Info.plist */,
			);
			path = fwfTests;
			sourceTree = "<group>";
		};
		E931B1561CFEB4C2003FDF99 /* fwfUITests */ = {
			isa = PBXGroup;
			children = (
				E931B1571CFEB4C2003FDF99 /* fwfUITests.m */,
				E931B1591CFEB4C2003FDF99 /* Info.plist */,
			);
			path = fwfUITests;
			sourceTree = "<group>";
		};
/* End PBXGroup section */

/* Begin PBXNativeTarget section */
		E931B12E1CFEB4C2003FDF99 /* fwf */ = {
			isa = PBXNativeTarget;
			buildConfigurationList = E931B15C1CFEB4C2003FDF99 /* Build configuration list for PBXNativeTarget "fwf" */;
			buildPhases = (
				E931B12B1CFEB4C2003FDF99 /* Sources */,
				E931B12C1CFEB4C2003FDF99 /* Frameworks */,
				E931B12D1CFEB4C2003FDF99 /* Resources */,
			);
			buildRules = (
			);
			dependencies = (
			);
			name = fwf;
			productName = fwf;
			productReference = E931B12F1CFEB4C2003FDF99 /* fwf.app */;
			productType = "com.apple.product-type.application";
		};
		E931B1471CFEB4C2003FDF99 /* fwfTests */ = {
			isa = PBXNativeTarget;
			buildConfigurationList = E931B15F1CFEB4C2003FDF99 /* Build configuration list for PBXNativeTarget "fwfTests" */;
			buildPhases = (
				E931B1441CFEB4C2003FDF99 /* Sources */,
				E931B1451CFEB4C2003FDF99 /* Frameworks */,
				E931B1461CFEB4C2003FDF99 /* Resources */,
			);
			buildRules = (
			);
			dependencies = (
				E931B14A1CFEB4C2003FDF99 /* PBXTargetDependency */,
			);
			name = fwfTests;
			productName = fwfTests;
			productReference = E931B1481CFEB4C2003FDF99 /* fwfTests.xctest */;
			productType = "com.apple.product-type.bundle.unit-test";
		};
		E931B1521CFEB4C2003FDF99 /* fwfUITests */ = {
			isa = PBXNativeTarget;
			buildConfigurationList = E931B1621CFEB4C2003FDF99 /* Build configuration list for PBXNativeTarget "fwfUITests" */;
			buildPhases = (
				E931B14F1CFEB4C2003FDF99 /* Sources */,
				E931B1501CFEB4C2003FDF99 /* Frameworks */,
				E931B1511CFEB4C2003FDF99 /* Resources */,
			);
			buildRules = (
			);
			dependencies = (
				E931B1551CFEB4C2003FDF99 /* PBXTargetDependency */,
			);
			name = fwfUITests;
			productName = fwfUITests;
			productReference = E931B1531CFEB4C2003FDF99 /* fwfUITests.xctest */;
			productType = "com.apple.product-type.bundle.ui-testing";
		};
/* End PBXNativeTarget section */

/* Begin PBXProject section */
		E931B1271CFEB4C2003FDF99 /* Project object */ = {
			isa = PBXProject;
			attributes = {
				LastUpgradeCheck = 0730;
				ORGANIZATIONNAME = "LeMo-test";
				TargetAttributes = {
					E931B12E1CFEB4C2003FDF99 = {
						CreatedOnToolsVersion = 7.3.1;
					};
					E931B1471CFEB4C2003FDF99 = {
						CreatedOnToolsVersion = 7.3.1;
						TestTargetID = E931B12E1CFEB4C2003FDF99;
					};
					E931B1521CFEB4C2003FDF99 = {
						CreatedOnToolsVersion = 7.3.1;
						TestTargetID = E931B12E1CFEB4C2003FDF99;
					};
				};
			};
			buildConfigurationList = E931B12A1CFEB4C2003FDF99 /* Build configuration list for PBXProject "fwf" */;
			compatibilityVersion = "Xcode 3.2";
			developmentRegion = English;
			hasScannedForEncodings = 0;
			knownRegions = (
				en,
				Base,
			);
			mainGroup = E931B1261CFEB4C2003FDF99;
			productRefGroup = E931B1301CFEB4C2003FDF99 /* Products */;
			projectDirPath = "";
			projectRoot = "";
			targets = (
				E931B12E1CFEB4C2003FDF99 /* fwf */,
				E931B1471CFEB4C2003FDF99 /* fwfTests */,
				E931B1521CFEB4C2003FDF99 /* fwfUITests */,
			);
		};
/* End PBXProject section */

/* Begin PBXResourcesBuildPhase section */
		E931B12D1CFEB4C2003FDF99 /* Resources */ = {
			isa = PBXResourcesBuildPhase;
			buildActionMask = 2147483647;
			files = (
				E931B1421CFEB4C2003FDF99 /* LaunchScreen.storyboard in Resources */,
				E931B13F1CFEB4C2003FDF99 /* Assets.xcassets in Resources */,
				E931B13D1CFEB4C2003FDF99 /* Main.storyboard in Resources */,
			);
			runOnlyForDeploymentPostprocessing = 0;
		};
		E931B1461CFEB4C2003FDF99 /* Resources */ = {
			isa = PBXResourcesBuildPhase;
			buildActionMask = 2147483647;
			files = (
			);
			runOnlyForDeploymentPostprocessing = 0;
		};
		E931B1511CFEB4C2003FDF99 /* Resources */ = {
			isa = PBXResourcesBuildPhase;
			buildActionMask = 2147483647;
			files = (
			);
			runOnlyForDeploymentPostprocessing = 0;
		};
/* End PBXResourcesBuildPhase section */

/* Begin PBXSourcesBuildPhase section */
		E931B12B1CFEB4C2003FDF99 /* Sources */ = {
			isa = PBXSourcesBuildPhase;
			buildActionMask = 2147483647;
			files = (
				E931B13A1CFEB4C2003FDF99 /* ViewController.m in Sources */,
				E931B1371CFEB4C2003FDF99 /* AppDelegate.m in Sources */,
				E931B1341CFEB4C2003FDF99 /* main.m in Sources */,
			);
			runOnlyForDeploymentPostprocessing = 0;
		};
		E931B1441CFEB4C2003FDF99 /* Sources */ = {
			isa = PBXSourcesBuildPhase;
			buildActionMask = 2147483647;
			files = (
				E931B14D1CFEB4C2003FDF99 /* fwfTests.m in Sources */,
			);
			runOnlyForDeploymentPostprocessing = 0;
		};
		E931B14F1CFEB4C2003FDF99 /* Sources */ = {
			isa = PBXSourcesBuildPhase;
			buildActionMask = 2147483647;
			files = (
				E931B1581CFEB4C2003FDF99 /* fwfUITests.m in Sources */,
			);
			runOnlyForDeploymentPostprocessing = 0;
		};
/* End PBXSourcesBuildPhase section */

/* Begin PBXTargetDependency section */
		E931B14A1CFEB4C2003FDF99 /* PBXTargetDependency */ = {
			isa = PBXTargetDependency;
			target = E931B12E1CFEB4C2003FDF99 /* fwf */;
			targetProxy = E931B1491CFEB4C2003FDF99 /* PBXContainerItemProxy */;
		};
		E931B1551CFEB4C2003FDF99 /* PBXTargetDependency */ = {
			isa = PBXTargetDependency;
			target = E931B12E1CFEB4C2003FDF99 /* fwf */;
			targetProxy = E931B1541CFEB4C2003FDF99 /* PBXContainerItemProxy */;
		};
/* End PBXTargetDependency section */

/* Begin PBXVariantGroup section */
		E931B13B1CFEB4C2003FDF99 /* Main.storyboard */ = {
			isa = PBXVariantGroup;
			children = (
				E931B13C1CFEB4C2003FDF99 /* Base */,
			);
			name = Main.storyboard;
			sourceTree = "<group>";
		};
		E931B1401CFEB4C2003FDF99 /* LaunchScreen.storyboard */ = {
			isa = PBXVariantGroup;
			children = (
				E931B1411CFEB4C2003FDF99 /* Base */,
			);
			name = LaunchScreen.storyboard;
			sourceTree = "<group>";
		};
/* End PBXVariantGroup section */

/* Begin XCBuildConfiguration section */
		E931B15A1CFEB4C2003FDF99 /* Debug */ = {
			isa = XCBuildConfiguration;
			buildSettings = {
				ALWAYS_SEARCH_USER_PATHS = NO;
				CLANG_ANALYZER_NONNULL = YES;
				CLANG_CXX_LANGUAGE_STANDARD = "gnu++0x";
				CLANG_CXX_LIBRARY = "libc++";
				CLANG_ENABLE_MODULES = YES;
				CLANG_ENABLE_OBJC_ARC = YES;
				CLANG_WARN_BOOL_CONVERSION = YES;
				CLANG_WARN_CONSTANT_CONVERSION = YES;
				CLANG_WARN_DIRECT_OBJC_ISA_USAGE = YES_ERROR;
				CLANG_WARN_EMPTY_BODY = YES;
				CLANG_WARN_ENUM_CONVERSION = YES;
				CLANG_WARN_INT_CONVERSION = YES;
				CLANG_WARN_OBJC_ROOT_CLASS = YES_ERROR;
				CLANG_WARN_UNREACHABLE_CODE = YES;
				CLANG_WARN__DUPLICATE_METHOD_MATCH = YES;
				"CODE_SIGN_IDENTITY[sdk=iphoneos*]" = "iPhone Developer";
				COPY_PHASE_STRIP = NO;
				DEBUG_INFORMATION_FORMAT = dwarf;
				ENABLE_STRICT_OBJC_MSGSEND = YES;
				ENABLE_TESTABILITY = YES;
				GCC_C_LANGUAGE_STANDARD = gnu99;
				GCC_DYNAMIC_NO_PIC = NO;
				GCC_NO_COMMON_BLOCKS = YES;
				GCC_OPTIMIZATION_LEVEL = 0;
				GCC_PREPROCESSOR_DEFINITIONS = (
					"DEBUG=1",
					"$(inherited)",
				);
				GCC_WARN_64_TO_32_BIT_CONVERSION = YES;
				GCC_WARN_ABOUT_RETURN_TYPE = YES_ERROR;
				GCC_WARN_UNDECLARED_SELECTOR = YES;
				GCC_WARN_UNINITIALIZED_AUTOS = YES_AGGRESSIVE;
				GCC_WARN_UNUSED_FUNCTION = YES;
				GCC_WARN_UNUSED_VARIABLE = YES;
				IPHONEOS_DEPLOYMENT_TARGET = 9.3;
				MTL_ENABLE_DEBUG_INFO = YES;
				ONLY_ACTIVE_ARCH = YES;
				SDKROOT = iphoneos;
				TARGETED_DEVICE_FAMILY = "1,2";
			};
			name = Debug;
		};
		E931B15B1CFEB4C2003FDF99 /* Release */ = {
			isa = XCBuildConfiguration;
			buildSettings = {
				ALWAYS_SEARCH_USER_PATHS = NO;
				CLANG_ANALYZER_NONNULL = YES;
				CLANG_CXX_LANGUAGE_STANDARD = "gnu++0x";
				CLANG_CXX_LIBRARY = "libc++";
				CLANG_ENABLE_MODULES = YES;
				CLANG_ENABLE_OBJC_ARC = YES;
				CLANG_WARN_BOOL_CONVERSION = YES;
				CLANG_WARN_CONSTANT_CONVERSION = YES;
				CLANG_WARN_DIRECT_OBJC_ISA_USAGE = YES_ERROR;
				CLANG_WARN_EMPTY_BODY = YES;
				CLANG_WARN_ENUM_CONVERSION = YES;
				CLANG_WARN_INT_CONVERSION = YES;
				CLANG_WARN_OBJC_ROOT_CLASS = YES_ERROR;
				CLANG_WARN_UNREACHABLE_CODE = YES;
				CLANG_WARN__DUPLICATE_METHOD_MATCH = YES;
				"CODE_SIGN_IDENTITY[sdk=iphoneos*]" = "iPhone Developer";
				COPY_PHASE_STRIP = NO;
				DEBUG_INFORMATION_FORMAT = "dwarf-with-dsym";
				ENABLE_NS_ASSERTIONS = NO;
				ENABLE_STRICT_OBJC_MSGSEND = YES;
				GCC_C_LANGUAGE_STANDARD = gnu99;
				GCC_NO_COMMON_BLOCKS = YES;
				GCC_WARN_64_TO_32_BIT_CONVERSION = YES;
				GCC_WARN_ABOUT_RETURN_TYPE = YES_ERROR;
				GCC_WARN_UNDECLARED_SELECTOR = YES;
				GCC_WARN_UNINITIALIZED_AUTOS = YES_AGGRESSIVE;
				GCC_WARN_UNUSED_FUNCTION = YES;
				GCC_WARN_UNUSED_VARIABLE = YES;
				IPHONEOS_DEPLOYMENT_TARGET = 9.3;
				MTL_ENABLE_DEBUG_INFO = NO;
				SDKROOT = iphoneos;
				TARGETED_DEVICE_FAMILY = "1,2";
				VALIDATE_PRODUCT = YES;
			};
			name = Release;
		};
		E931B15D1CFEB4C2003FDF99 /* Debug */ = {
			isa = XCBuildConfiguration;
			buildSettings = {
				ASSETCATALOG_COMPILER_APPICON_NAME = AppIcon;
				INFOPLIST_FILE = fwf/Info.plist;
				LD_RUNPATH_SEARCH_PATHS = "$(inherited) @executable_path/Frameworks";
				PRODUCT_BUNDLE_IDENTIFIER = test.fwf;
				PRODUCT_NAME = "$(TARGET_NAME)";
			};
			name = Debug;
		};
		E931B15E1CFEB4C2003FDF99 /* Release */ = {
			isa = XCBuildConfiguration;
			buildSettings = {
				ASSETCATALOG_COMPILER_APPICON_NAME = AppIcon;
				INFOPLIST_FILE = fwf/Info.plist;
				LD_RUNPATH_SEARCH_PATHS = "$(inherited) @executable_path/Frameworks";
				PRODUCT_BUNDLE_IDENTIFIER = test.fwf;
				PRODUCT_NAME = "$(TARGET_NAME)";
			};
			name = Release;
		};
		E931B1601CFEB4C2003FDF99 /* Debug */ = {
			isa = XCBuildConfiguration;
			buildSettings = {
				BUNDLE_LOADER = "$(TEST_HOST)";
				INFOPLIST_FILE = fwfTests/Info.plist;
				LD_RUNPATH_SEARCH_PATHS = "$(inherited) @executable_path/Frameworks @loader_path/Frameworks";
				PRODUCT_BUNDLE_IDENTIFIER = test.fwfTests;
				PRODUCT_NAME = "$(TARGET_NAME)";
				TEST_HOST = "$(BUILT_PRODUCTS_DIR)/fwf.app/fwf";
			};
			name = Debug;
		};
		E931B1611CFEB4C2003FDF99 /* Release */ = {
			isa = XCBuildConfiguration;
			buildSettings = {
				BUNDLE_LOADER = "$(TEST_HOST)";
				INFOPLIST_FILE = fwfTests/Info.plist;
				LD_RUNPATH_SEARCH_PATHS = "$(inherited) @executable_path/Frameworks @loader_path/Frameworks";
				PRODUCT_BUNDLE_IDENTIFIER = test.fwfTests;
				PRODUCT_NAME = "$(TARGET_NAME)";
				TEST_HOST = "$(BUILT_PRODUCTS_DIR)/fwf.app/fwf";
			};
			name = Release;
		};
		E931B1631CFEB4C2003FDF99 /* Debug */ = {
			isa = XCBuildConfiguration;
			buildSettings = {
				INFOPLIST_FILE = fwfUITests/Info.plist;
				LD_RUNPATH_SEARCH_PATHS = "$(inherited) @executable_path/Frameworks @loader_path/Frameworks";
				PRODUCT_BUNDLE_IDENTIFIER = test.fwfUITests;
				PRODUCT_NAME = "$(TARGET_NAME)";
				TEST_TARGET_NAME = fwf;
			};
			name = Debug;
		};
		E931B1641CFEB4C2003FDF99 /* Release */ = {
			isa = XCBuildConfiguration;
			buildSettings = {
				INFOPLIST_FILE = fwfUITests/Info.plist;
				LD_RUNPATH_SEARCH_PATHS = "$(inherited) @executable_path/Frameworks @loader_path/Frameworks";
				PRODUCT_BUNDLE_IDENTIFIER = test.fwfUITests;
				PRODUCT_NAME = "$(TARGET_NAME)";
				TEST_TARGET_NAME = fwf;
			};
			name = Release;
		};
/* End XCBuildConfiguration section */

/* Begin XCConfigurationList section */
		E931B12A1CFEB4C2003FDF99 /* Build configuration list for PBXProject "fwf" */ = {
			isa = XCConfigurationList;
			buildConfigurations = (
				E931B15A1CFEB4C2003FDF99 /* Debug */,
				E931B15B1CFEB4C2003FDF99 /* Release */,
			);
			defaultConfigurationIsVisible = 0;
			defaultConfigurationName = Release;
		};
		E931B15C1CFEB4C2003FDF99 /* Build configuration list for PBXNativeTarget "fwf" */ = {
			isa = XCConfigurationList;
			buildConfigurations = (
				E931B15D1CFEB4C2003FDF99 /* Debug */,
				E931B15E1CFEB4C2003FDF99 /* Release */,
			);
			defaultConfigurationIsVisible = 0;
		};
		E931B15F1CFEB4C2003FDF99 /* Build configuration list for PBXNativeTarget "fwfTests" */ = {
			isa = XCConfigurationList;
			buildConfigurations = (
				E931B1601CFEB4C2003FDF99 /* Debug */,
				E931B1611CFEB4C2003FDF99 /* Release */,
			);
			defaultConfigurationIsVisible = 0;
		};
		E931B1621CFEB4C2003FDF99 /* Build configuration list for PBXNativeTarget "fwfUITests" */ = {
			isa = XCConfigurationList;
			buildConfigurations = (
				E931B1631CFEB4C2003FDF99 /* Debug */,
				E931B1641CFEB4C2003FDF99 /* Release */,
			);
			defaultConfigurationIsVisible = 0;
		};
/* End XCConfigurationList section */
	};
	rootObject = E931B1271CFEB4C2003FDF99 /* Project object */;
}
